
Microsoft Visual Studio Solution File, Format Version 12.00
# Visual Studio Version 16
VisualStudioVersion = 16.0.29503.13
MinimumVisualStudioVersion = 10.0.40219.1
Project("{8BC9CEB8-8B4A-11D0-8D11-00A0C91BC942}") = "learngl_1_hello", "learngl_1_hello\learngl_1_hello.vcxproj", "{8B4A05B5-0B51-484A-BE16-D9DBF3888BF1}"
EndProject
Project("{8BC9CEB8-8B4A-11D0-8D11-00A0C91BC942}") = "learngl_2_triangle", "learngl_2_triangle\learngl_2_triangle.vcxproj", "{A43A5BA5-DBB5-4FF9-A984-EC8E37996A2E}"
EndProject
Project("{8BC9CEB8-8B4A-11D0-8D11-00A0C91BC942}") = "assign0_task2_shader", "assign0_task2_shader\assign0_task2_shader.vcxproj", "{C320D27C-855C-49BD-AF36-D14406A0C000}"
EndProject
Project("{8BC9CEB8-8B4A-11D0-8D11-00A0C91BC942}") = "learngl_3_shader", "learngl_3_shader\learngl_3_shader.vcxproj", "{06B592E1-EDBF-4A01-B39C-8913D61FBE7F}"
EndProject
Project("{8BC9CEB8-8B4A-11D0-8D11-00A0C91BC942}") = "learngl_3_2_colorTri", "learngl_3_2_colorTri\learngl_3_2_colorTri.vcxproj", "{8C12EA43-87EE-4D52-8522-D49DFC59899E}"
EndProject
Project("{8BC9CEB8-8B4A-11D0-8D11-00A0C91BC942}") = "learngl_3_3_shaderClass", "learngl_3_3_shaderClass\learngl_3_3_shaderClass.vcxproj", "{4E952800-474A-4C1B-BBA1-9FAD493B265A}"
EndProject
Project("{8BC9CEB8-8B4A-11D0-8D11-00A0C91BC942}") = "learngl_4_texture", "learngl_4_texture\learngl_4_texture.vcxproj", "{A6B0287D-3654-4687-907B-BFBAAE1F2F2E}"
EndProject
Global
	GlobalSection(SolutionConfigurationPlatforms) = preSolution
		Debug|x64 = Debug|x64
		Debug|x86 = Debug|x86
		Release|x64 = Release|x64
		Release|x86 = Release|x86
	EndGlobalSection
	GlobalSection(ProjectConfigurationPlatforms) = postSolution
		{8B4A05B5-0B51-484A-BE16-D9DBF3888BF1}.Debug|x64.ActiveCfg = Debug|x64
		{8B4A05B5-0B51-484A-BE16-D9DBF3888BF1}.Debug|x64.Build.0 = Debug|x64
		{8B4A05B5-0B51-484A-BE16-D9DBF3888BF1}.Debug|x86.ActiveCfg = Debug|Win32
		{8B4A05B5-0B51-484A-BE16-D9DBF3888BF1}.Debug|x86.Build.0 = Debug|Win32
		{8B4A05B5-0B51-484A-BE16-D9DBF3888BF1}.Release|x64.ActiveCfg = Release|x64
		{8B4A05B5-0B51-484A-BE16-D9DBF3888BF1}.Release|x64.Build.0 = Release|x64
		{8B4A05B5-0B51-484A-BE16-D9DBF3888BF1}.Release|x86.ActiveCfg = Release|Win32
		{8B4A05B5-0B51-484A-BE16-D9DBF3888BF1}.Release|x86.Build.0 = Release|Win32
		{A43A5BA5-DBB5-4FF9-A984-EC8E37996A2E}.Debug|x64.ActiveCfg = Debug|x64
		{A43A5BA5-DBB5-4FF9-A984-EC8E37996A2E}.Debug|x64.Build.0 = Debug|x64
		{A43A5BA5-DBB5-4FF9-A984-EC8E37996A2E}.Debug|x86.ActiveCfg = Debug|Win32
		{A43A5BA5-DBB5-4FF9-A984-EC8E37996A2E}.Debug|x86.Build.0 = Debug|Win32
		{A43A5BA5-DBB5-4FF9-A984-EC8E37996A2E}.Release|x64.ActiveCfg = Release|x64
		{A43A5BA5-DBB5-4FF9-A984-EC8E37996A2E}.Release|x64.Build.0 = Release|x64
		{A43A5BA5-DBB5-4FF9-A984-EC8E37996A2E}.Release|x86.ActiveCfg = Release|Win32
		{A43A5BA5-DBB5-4FF9-A984-EC8E37996A2E}.Release|x86.Build.0 = Release|Win32
		{C320D27C-855C-49BD-AF36-D14406A0C000}.Debug|x64.ActiveCfg = Debug|x64
		{C320D27C-855C-49BD-AF36-D14406A0C000}.Debug|x64.Build.0 = Debug|x64
		{C320D27C-855C-49BD-AF36-D14406A0C000}.Debug|x86.ActiveCfg = Debug|Win32
		{C320D27C-855C-49BD-AF36-D14406A0C000}.Debug|x86.Build.0 = Debug|Win32
		{C320D27C-855C-49BD-AF36-D14406A0C000}.Release|x64.ActiveCfg = Release|x64
		{C320D27C-855C-49BD-AF36-D14406A0C000}.Release|x64.Build.0 = Release|x64
		{C320D27C-855C-49BD-AF36-D14406A0C000}.Release|x86.ActiveCfg = Release|Win32
		{C320D27C-855C-49BD-AF36-D14406A0C000}.Release|x86.Build.0 = Release|Win32
		{06B592E1-EDBF-4A01-B39C-8913D61FBE7F}.Debug|x64.ActiveCfg = Debug|x64
		{06B592E1-EDBF-4A01-B39C-8913D61FBE7F}.Debug|x64.Build.0 = Debug|x64
		{06B592E1-EDBF-4A01-B39C-8913D61FBE7F}.Debug|x86.ActiveCfg = Debug|Win32
		{06B592E1-EDBF-4A01-B39C-8913D61FBE7F}.Debug|x86.Build.0 = Debug|Win32
		{06B592E1-EDBF-4A01-B39C-8913D61FBE7F}.Release|x64.ActiveCfg = Release|x64
		{06B592E1-EDBF-4A01-B39C-8913D61FBE7F}.Release|x64.Build.0 = Release|x64
		{06B592E1-EDBF-4A01-B39C-8913D61FBE7F}.Release|x86.ActiveCfg = Release|Win32
		{06B592E1-EDBF-4A01-B39C-8913D61FBE7F}.Release|x86.Build.0 = Release|Win32
		{8C12EA43-87EE-4D52-8522-D49DFC59899E}.Debug|x64.ActiveCfg = Debug|x64
		{8C12EA43-87EE-4D52-8522-D49DFC59899E}.Debug|x64.Build.0 = Debug|x64
		{8C12EA43-87EE-4D52-8522-D49DFC59899E}.Debug|x86.ActiveCfg = Debug|Win32
		{8C12EA43-87EE-4D52-8522-D49DFC59899E}.Debug|x86.Build.0 = Debug|Win32
		{8C12EA43-87EE-4D52-8522-D49DFC59899E}.Release|x64.ActiveCfg = Release|x64
		{8C12EA43-87EE-4D52-8522-D49DFC59899E}.Release|x64.Build.0 = Release|x64
		{8C12EA43-87EE-4D52-8522-D49DFC59899E}.Release|x86.ActiveCfg = Release|Win32
		{8C12EA43-87EE-4D52-8522-D49DFC59899E}.Release|x86.Build.0 = Release|Win32
		{4E952800-474A-4C1B-BBA1-9FAD493B265A}.Debug|x64.ActiveCfg = Debug|x64
		{4E952800-474A-4C1B-BBA1-9FAD493B265A}.Debug|x64.Build.0 = Debug|x64
		{4E952800-474A-4C1B-BBA1-9FAD493B265A}.Debug|x86.ActiveCfg = Debug|Win32
		{4E952800-474A-4C1B-BBA1-9FAD493B265A}.Debug|x86.Build.0 = Debug|Win32
		{4E952800-474A-4C1B-BBA1-9FAD493B265A}.Release|x64.ActiveCfg = Release|x64
		{4E952800-474A-4C1B-BBA1-9FAD493B265A}.Release|x64.Build.0 = Release|x64
		{4E952800-474A-4C1B-BBA1-9FAD493B265A}.Release|x86.ActiveCfg = Release|Win32
		{4E952800-474A-4C1B-BBA1-9FAD493B265A}.Release|x86.Build.0 = Release|Win32
		{A6B0287D-3654-4687-907B-BFBAAE1F2F2E}.Debug|x64.ActiveCfg = Debug|x64
		{A6B0287D-3654-4687-907B-BFBAAE1F2F2E}.Debug|x64.Build.0 = Debug|x64
		{A6B0287D-3654-4687-907B-BFBAAE1F2F2E}.Debug|x86.ActiveCfg = Debug|Win32
		{A6B0287D-3654-4687-907B-BFBAAE1F2F2E}.Debug|x86.Build.0 = Debug|Win32
		{A6B0287D-3654-4687-907B-BFBAAE1F2F2E}.Release|x64.ActiveCfg = Release|x64
		{A6B0287D-3654-4687-907B-BFBAAE1F2F2E}.Release|x64.Build.0 = Release|x64
		{A6B0287D-3654-4687-907B-BFBAAE1F2F2E}.Release|x86.ActiveCfg = Release|Win32
		{A6B0287D-3654-4687-907B-BFBAAE1F2F2E}.Release|x86.Build.0 = Release|Win32
	EndGlobalSection
	GlobalSection(SolutionProperties) = preSolution
		HideSolutionNode = FALSE
	EndGlobalSection
	GlobalSection(ExtensibilityGlobals) = postSolution
		SolutionGuid = {00D9BF5F-ECF2-4852-A6DC-F14671362BBE}
	EndGlobalSection
EndGlobal
